
Microsoft Visual Studio Solution File, Format Version 12.00
# Visual Studio Version 17
VisualStudioVersion = 17.4.33122.133
MinimumVisualStudioVersion = 10.0.40219.1
Project("{FAE04EC0-301F-11D3-BF4B-00C04F79EFBC}") = "Week_04_lab_13_Atoms_W", "Week_04_lab_13_Atoms_W\Week_04_lab_13_Atoms_W.csproj", "{88A86A81-649C-4843-B358-C43D71353A2E}"
EndProject
Global
	GlobalSection(SolutionConfigurationPlatforms) = preSolution
		Debug|Any CPU = Debug|Any CPU
		Release|Any CPU = Release|Any CPU
	EndGlobalSection
	GlobalSection(ProjectConfigurationPlatforms) = postSolution
		{88A86A81-649C-4843-B358-C43D71353A2E}.Debug|Any CPU.ActiveCfg = Debug|Any CPU
		{88A86A81-649C-4843-B358-C43D71353A2E}.Debug|Any CPU.Build.0 = Debug|Any CPU
		{88A86A81-649C-4843-B358-C43D71353A2E}.Release|Any CPU.ActiveCfg = Release|Any CPU
		{88A86A81-649C-4843-B358-C43D71353A2E}.Release|Any CPU.Build.0 = Release|Any CPU
	EndGlobalSection
	GlobalSection(SolutionProperties) = preSolution
		HideSolutionNode = FALSE
	EndGlobalSection
	GlobalSection(ExtensibilityGlobals) = postSolution
		SolutionGuid = {00B247A5-F97B-4B4D-B9CD-21524CAB222F}
	EndGlobalSection
EndGlobal
